// !$*UTF8*$!
{
	archiveVersion = 1;
	classes = {
	};
	objectVersion = 50;
	objects = {

/* Begin PBXBuildFile section */
		7AA9CFF124FA38E500606694 /* AppDelegate.swift in Sources */ = {isa = PBXBuildFile; fileRef = 7AA9CFF024FA38E500606694 /* AppDelegate.swift */; };
		7AA9CFF324FA38E500606694 /* SceneDelegate.swift in Sources */ = {isa = PBXBuildFile; fileRef = 7AA9CFF224FA38E500606694 /* SceneDelegate.swift */; };
		7AA9CFF524FA38E500606694 /* HomeView.swift in Sources */ = {isa = PBXBuildFile; fileRef = 7AA9CFF424FA38E500606694 /* HomeView.swift */; };
		7AA9CFF724FA38E600606694 /* Assets.xcassets in Resources */ = {isa = PBXBuildFile; fileRef = 7AA9CFF624FA38E600606694 /* Assets.xcassets */; };
		7AA9CFFA24FA38E600606694 /* Preview Assets.xcassets in Resources */ = {isa = PBXBuildFile; fileRef = 7AA9CFF924FA38E600606694 /* Preview Assets.xcassets */; };
		7AA9CFFD24FA38E600606694 /* LaunchScreen.storyboard in Resources */ = {isa = PBXBuildFile; fileRef = 7AA9CFFB24FA38E600606694 /* LaunchScreen.storyboard */; };
		7AA9D00824FA38E700606694 /* MapBoxSampleTests.swift in Sources */ = {isa = PBXBuildFile; fileRef = 7AA9D00724FA38E700606694 /* MapBoxSampleTests.swift */; };
		7AA9D01524FA448700606694 /* Mapbox.framework in Frameworks */ = {isa = PBXBuildFile; fileRef = 7AA9D01324FA448700606694 /* Mapbox.framework */; };
		7AA9D01724FA448700606694 /* MapboxMobileEvents.framework in Frameworks */ = {isa = PBXBuildFile; fileRef = 7AA9D01424FA448700606694 /* MapboxMobileEvents.framework */; };
		7AA9D01C24FA46D400606694 /* MapView.swift in Sources */ = {isa = PBXBuildFile; fileRef = 7AA9D01B24FA46D400606694 /* MapView.swift */; };
		7AA9D02124FB465100606694 /* APIRequestProtocol.swift in Sources */ = {isa = PBXBuildFile; fileRef = 7AA9D02024FB465100606694 /* APIRequestProtocol.swift */; };
		7AA9D02324FB466B00606694 /* APIError.swift in Sources */ = {isa = PBXBuildFile; fileRef = 7AA9D02224FB466B00606694 /* APIError.swift */; };
		7AA9D02524FB468800606694 /* HTTPMethod.swift in Sources */ = {isa = PBXBuildFile; fileRef = 7AA9D02424FB468800606694 /* HTTPMethod.swift */; };
		7AA9D02724FB46A400606694 /* ApiClient.swift in Sources */ = {isa = PBXBuildFile; fileRef = 7AA9D02624FB46A400606694 /* ApiClient.swift */; };
		7AA9D02924FB496500606694 /* HttpHeader.swift in Sources */ = {isa = PBXBuildFile; fileRef = 7AA9D02824FB496500606694 /* HttpHeader.swift */; };
		7AA9D02B24FB4E4100606694 /* MapBoxApi.swift in Sources */ = {isa = PBXBuildFile; fileRef = 7AA9D02A24FB4E4100606694 /* MapBoxApi.swift */; };
		7AA9D02E24FB549900606694 /* GeocodingResponse.swift in Sources */ = {isa = PBXBuildFile; fileRef = 7AA9D02D24FB549900606694 /* GeocodingResponse.swift */; };
		7AA9D03224FB54DA00606694 /* GeocodingResponseTests.swift in Sources */ = {isa = PBXBuildFile; fileRef = 7AA9D03124FB54DA00606694 /* GeocodingResponseTests.swift */; };
/* End PBXBuildFile section */

/* Begin PBXContainerItemProxy section */
		7AA9D00424FA38E700606694 /* PBXContainerItemProxy */ = {
			isa = PBXContainerItemProxy;
			containerPortal = 7AA9CFE524FA38E500606694 /* Project object */;
			proxyType = 1;
			remoteGlobalIDString = 7AA9CFEC24FA38E500606694;
			remoteInfo = MapBoxSample;
		};
/* End PBXContainerItemProxy section */

/* Begin PBXFileReference section */
		7AA9CFED24FA38E500606694 /* MapBoxSample.app */ = {isa = PBXFileReference; explicitFileType = wrapper.application; includeInIndex = 0; path = MapBoxSample.app; sourceTree = BUILT_PRODUCTS_DIR; };
		7AA9CFF024FA38E500606694 /* AppDelegate.swift */ = {isa = PBXFileReference; lastKnownFileType = sourcecode.swift; path = AppDelegate.swift; sourceTree = "<group>"; };
		7AA9CFF224FA38E500606694 /* SceneDelegate.swift */ = {isa = PBXFileReference; lastKnownFileType = sourcecode.swift; path = SceneDelegate.swift; sourceTree = "<group>"; };
		7AA9CFF424FA38E500606694 /* HomeView.swift */ = {isa = PBXFileReference; lastKnownFileType = sourcecode.swift; path = HomeView.swift; sourceTree = "<group>"; };
		7AA9CFF624FA38E600606694 /* Assets.xcassets */ = {isa = PBXFileReference; lastKnownFileType = folder.assetcatalog; path = Assets.xcassets; sourceTree = "<group>"; };
		7AA9CFF924FA38E600606694 /* Preview Assets.xcassets */ = {isa = PBXFileReference; lastKnownFileType = folder.assetcatalog; path = "Preview Assets.xcassets"; sourceTree = "<group>"; };
		7AA9CFFC24FA38E600606694 /* Base */ = {isa = PBXFileReference; lastKnownFileType = file.storyboard; name = Base; path = Base.lproj/LaunchScreen.storyboard; sourceTree = "<group>"; };
		7AA9CFFE24FA38E600606694 /* Info.plist */ = {isa = PBXFileReference; lastKnownFileType = text.plist.xml; path = Info.plist; sourceTree = "<group>"; };
		7AA9D00324FA38E700606694 /* MapBoxSampleTests.xctest */ = {isa = PBXFileReference; explicitFileType = wrapper.cfbundle; includeInIndex = 0; path = MapBoxSampleTests.xctest; sourceTree = BUILT_PRODUCTS_DIR; };
		7AA9D00724FA38E700606694 /* MapBoxSampleTests.swift */ = {isa = PBXFileReference; lastKnownFileType = sourcecode.swift; path = MapBoxSampleTests.swift; sourceTree = "<group>"; };
		7AA9D00924FA38E700606694 /* Info.plist */ = {isa = PBXFileReference; lastKnownFileType = text.plist.xml; path = Info.plist; sourceTree = "<group>"; };
		7AA9D01324FA448700606694 /* Mapbox.framework */ = {isa = PBXFileReference; lastKnownFileType = wrapper.framework; name = Mapbox.framework; path = Carthage/Build/iOS/Mapbox.framework; sourceTree = "<group>"; };
		7AA9D01424FA448700606694 /* MapboxMobileEvents.framework */ = {isa = PBXFileReference; lastKnownFileType = wrapper.framework; name = MapboxMobileEvents.framework; path = Carthage/Build/iOS/MapboxMobileEvents.framework; sourceTree = "<group>"; };
		7AA9D01B24FA46D400606694 /* MapView.swift */ = {isa = PBXFileReference; lastKnownFileType = sourcecode.swift; path = MapView.swift; sourceTree = "<group>"; };
		7AA9D02024FB465100606694 /* APIRequestProtocol.swift */ = {isa = PBXFileReference; lastKnownFileType = sourcecode.swift; path = APIRequestProtocol.swift; sourceTree = "<group>"; };
		7AA9D02224FB466B00606694 /* APIError.swift */ = {isa = PBXFileReference; lastKnownFileType = sourcecode.swift; path = APIError.swift; sourceTree = "<group>"; };
		7AA9D02424FB468800606694 /* HTTPMethod.swift */ = {isa = PBXFileReference; lastKnownFileType = sourcecode.swift; path = HTTPMethod.swift; sourceTree = "<group>"; };
		7AA9D02624FB46A400606694 /* ApiClient.swift */ = {isa = PBXFileReference; lastKnownFileType = sourcecode.swift; path = ApiClient.swift; sourceTree = "<group>"; };
		7AA9D02824FB496500606694 /* HttpHeader.swift */ = {isa = PBXFileReference; lastKnownFileType = sourcecode.swift; path = HttpHeader.swift; sourceTree = "<group>"; };
		7AA9D02A24FB4E4100606694 /* MapBoxApi.swift */ = {isa = PBXFileReference; lastKnownFileType = sourcecode.swift; path = MapBoxApi.swift; sourceTree = "<group>"; };
		7AA9D02D24FB549900606694 /* GeocodingResponse.swift */ = {isa = PBXFileReference; lastKnownFileType = sourcecode.swift; path = GeocodingResponse.swift; sourceTree = "<group>"; };
		7AA9D03124FB54DA00606694 /* GeocodingResponseTests.swift */ = {isa = PBXFileReference; lastKnownFileType = sourcecode.swift; path = GeocodingResponseTests.swift; sourceTree = "<group>"; };
/* End PBXFileReference section */

/* Begin PBXFrameworksBuildPhase section */
		7AA9CFEA24FA38E500606694 /* Frameworks */ = {
			isa = PBXFrameworksBuildPhase;
			buildActionMask = 2147483647;
			files = (
				7AA9D01724FA448700606694 /* MapboxMobileEvents.framework in Frameworks */,
				7AA9D01524FA448700606694 /* Mapbox.framework in Frameworks */,
			);
			runOnlyForDeploymentPostprocessing = 0;
		};
		7AA9D00024FA38E700606694 /* Frameworks */ = {
			isa = PBXFrameworksBuildPhase;
			buildActionMask = 2147483647;
			files = (
			);
			runOnlyForDeploymentPostprocessing = 0;
		};
/* End PBXFrameworksBuildPhase section */

/* Begin PBXGroup section */
		7AA9CFE424FA38E500606694 = {
			isa = PBXGroup;
			children = (
				7AA9CFEF24FA38E500606694 /* MapBoxSample */,
				7AA9D00624FA38E700606694 /* MapBoxSampleTests */,
				7AA9CFEE24FA38E500606694 /* Products */,
				7AA9D01224FA448700606694 /* Frameworks */,
			);
			sourceTree = "<group>";
		};
		7AA9CFEE24FA38E500606694 /* Products */ = {
			isa = PBXGroup;
			children = (
				7AA9CFED24FA38E500606694 /* MapBoxSample.app */,
				7AA9D00324FA38E700606694 /* MapBoxSampleTests.xctest */,
			);
			name = Products;
			sourceTree = "<group>";
		};
		7AA9CFEF24FA38E500606694 /* MapBoxSample */ = {
			isa = PBXGroup;
			children = (
				7AA9D01F24FB464300606694 /* API */,
				7AA9CFF024FA38E500606694 /* AppDelegate.swift */,
				7AA9CFF224FA38E500606694 /* SceneDelegate.swift */,
				7AA9CFF424FA38E500606694 /* HomeView.swift */,
				7AA9D01B24FA46D400606694 /* MapView.swift */,
				7AA9CFF624FA38E600606694 /* Assets.xcassets */,
				7AA9CFFB24FA38E600606694 /* LaunchScreen.storyboard */,
				7AA9CFFE24FA38E600606694 /* Info.plist */,
				7AA9CFF824FA38E600606694 /* Preview Content */,
			);
			path = MapBoxSample;
			sourceTree = "<group>";
		};
		7AA9CFF824FA38E600606694 /* Preview Content */ = {
			isa = PBXGroup;
			children = (
				7AA9CFF924FA38E600606694 /* Preview Assets.xcassets */,
			);
			path = "Preview Content";
			sourceTree = "<group>";
		};
		7AA9D00624FA38E700606694 /* MapBoxSampleTests */ = {
			isa = PBXGroup;
			children = (
				7AA9D02F24FB54C200606694 /* API */,
				7AA9D00724FA38E700606694 /* MapBoxSampleTests.swift */,
				7AA9D00924FA38E700606694 /* Info.plist */,
			);
			path = MapBoxSampleTests;
			sourceTree = "<group>";
		};
		7AA9D01224FA448700606694 /* Frameworks */ = {
			isa = PBXGroup;
			children = (
				7AA9D01324FA448700606694 /* Mapbox.framework */,
				7AA9D01424FA448700606694 /* MapboxMobileEvents.framework */,
			);
			name = Frameworks;
			sourceTree = "<group>";
		};
		7AA9D01F24FB464300606694 /* API */ = {
			isa = PBXGroup;
			children = (
				7AA9D02C24FB549100606694 /* MapBox */,
				7AA9D02024FB465100606694 /* APIRequestProtocol.swift */,
				7AA9D02224FB466B00606694 /* APIError.swift */,
				7AA9D02424FB468800606694 /* HTTPMethod.swift */,
				7AA9D02624FB46A400606694 /* ApiClient.swift */,
				7AA9D02824FB496500606694 /* HttpHeader.swift */,
				7AA9D02A24FB4E4100606694 /* MapBoxApi.swift */,
			);
			path = API;
			sourceTree = "<group>";
		};
		7AA9D02C24FB549100606694 /* MapBox */ = {
			isa = PBXGroup;
			children = (
				7AA9D02D24FB549900606694 /* GeocodingResponse.swift */,
			);
			path = MapBox;
			sourceTree = "<group>";
		};
		7AA9D02F24FB54C200606694 /* API */ = {
			isa = PBXGroup;
			children = (
				7AA9D03024FB54C800606694 /* MapBox */,
			);
			path = API;
			sourceTree = "<group>";
		};
		7AA9D03024FB54C800606694 /* MapBox */ = {
			isa = PBXGroup;
			children = (
				7AA9D03124FB54DA00606694 /* GeocodingResponseTests.swift */,
			);
			path = MapBox;
			sourceTree = "<group>";
		};
/* End PBXGroup section */

/* Begin PBXNativeTarget section */
		7AA9CFEC24FA38E500606694 /* MapBoxSample */ = {
			isa = PBXNativeTarget;
			buildConfigurationList = 7AA9D00C24FA38E700606694 /* Build configuration list for PBXNativeTarget "MapBoxSample" */;
			buildPhases = (
				7AA9CFE924FA38E500606694 /* Sources */,
				7AA9CFEA24FA38E500606694 /* Frameworks */,
				7AA9CFEB24FA38E500606694 /* Resources */,
				7AA9D01A24FA44CD00606694 /* Copy carthage frameworks */,
			);
			buildRules = (
			);
			dependencies = (
			);
			name = MapBoxSample;
			productName = MapBoxSample;
			productReference = 7AA9CFED24FA38E500606694 /* MapBoxSample.app */;
			productType = "com.apple.product-type.application";
		};
		7AA9D00224FA38E700606694 /* MapBoxSampleTests */ = {
			isa = PBXNativeTarget;
			buildConfigurationList = 7AA9D00F24FA38E700606694 /* Build configuration list for PBXNativeTarget "MapBoxSampleTests" */;
			buildPhases = (
				7AA9CFFF24FA38E700606694 /* Sources */,
				7AA9D00024FA38E700606694 /* Frameworks */,
				7AA9D00124FA38E700606694 /* Resources */,
			);
			buildRules = (
			);
			dependencies = (
				7AA9D00524FA38E700606694 /* PBXTargetDependency */,
			);
			name = MapBoxSampleTests;
			productName = MapBoxSampleTests;
			productReference = 7AA9D00324FA38E700606694 /* MapBoxSampleTests.xctest */;
			productType = "com.apple.product-type.bundle.unit-test";
		};
/* End PBXNativeTarget section */

/* Begin PBXProject section */
		7AA9CFE524FA38E500606694 /* Project object */ = {
			isa = PBXProject;
			attributes = {
				LastSwiftUpdateCheck = 1150;
				LastUpgradeCheck = 1150;
				ORGANIZATIONNAME = ha1f;
				TargetAttributes = {
					7AA9CFEC24FA38E500606694 = {
						CreatedOnToolsVersion = 11.5;
					};
					7AA9D00224FA38E700606694 = {
						CreatedOnToolsVersion = 11.5;
						TestTargetID = 7AA9CFEC24FA38E500606694;
					};
				};
			};
			buildConfigurationList = 7AA9CFE824FA38E500606694 /* Build configuration list for PBXProject "MapBoxSample" */;
			compatibilityVersion = "Xcode 9.3";
			developmentRegion = en;
			hasScannedForEncodings = 0;
			knownRegions = (
				en,
				Base,
			);
			mainGroup = 7AA9CFE424FA38E500606694;
			productRefGroup = 7AA9CFEE24FA38E500606694 /* Products */;
			projectDirPath = "";
			projectRoot = "";
			targets = (
				7AA9CFEC24FA38E500606694 /* MapBoxSample */,
				7AA9D00224FA38E700606694 /* MapBoxSampleTests */,
			);
		};
/* End PBXProject section */

/* Begin PBXResourcesBuildPhase section */
		7AA9CFEB24FA38E500606694 /* Resources */ = {
			isa = PBXResourcesBuildPhase;
			buildActionMask = 2147483647;
			files = (
				7AA9CFFD24FA38E600606694 /* LaunchScreen.storyboard in Resources */,
				7AA9CFFA24FA38E600606694 /* Preview Assets.xcassets in Resources */,
				7AA9CFF724FA38E600606694 /* Assets.xcassets in Resources */,
			);
			runOnlyForDeploymentPostprocessing = 0;
		};
		7AA9D00124FA38E700606694 /* Resources */ = {
			isa = PBXResourcesBuildPhase;
			buildActionMask = 2147483647;
			files = (
			);
			runOnlyForDeploymentPostprocessing = 0;
		};
/* End PBXResourcesBuildPhase section */

/* Begin PBXShellScriptBuildPhase section */
		7AA9D01A24FA44CD00606694 /* Copy carthage frameworks */ = {
			isa = PBXShellScriptBuildPhase;
			buildActionMask = 2147483647;
			files = (
			);
			inputFileListPaths = (
			);
			inputPaths = (
				"$(SRCROOT)/Carthage/Build/iOS/Mapbox.framework",
				"$(SRCROOT)/Carthage/Build/iOS/MapboxMobileEvents.framework",
			);
			name = "Copy carthage frameworks";
			outputFileListPaths = (
			);
			outputPaths = (
				"$(BUILT_PRODUCTS_DIR)/$(FRAMEWORKS_FOLDER_PATH)/Mapbox.framework",
				"$(BUILT_PRODUCTS_DIR)/$(FRAMEWORKS_FOLDER_PATH)/MapboxMobileEvents.framework",
			);
			runOnlyForDeploymentPostprocessing = 0;
			shellPath = /bin/sh;
			shellScript = "/usr/local/bin/carthage copy-frameworks\n";
		};
/* End PBXShellScriptBuildPhase section */

/* Begin PBXSourcesBuildPhase section */
		7AA9CFE924FA38E500606694 /* Sources */ = {
			isa = PBXSourcesBuildPhase;
			buildActionMask = 2147483647;
			files = (
				7AA9CFF124FA38E500606694 /* AppDelegate.swift in Sources */,
				7AA9D02724FB46A400606694 /* ApiClient.swift in Sources */,
				7AA9D01C24FA46D400606694 /* MapView.swift in Sources */,
				7AA9CFF324FA38E500606694 /* SceneDelegate.swift in Sources */,
				7AA9D02524FB468800606694 /* HTTPMethod.swift in Sources */,
				7AA9D02124FB465100606694 /* APIRequestProtocol.swift in Sources */,
				7AA9D02924FB496500606694 /* HttpHeader.swift in Sources */,
				7AA9CFF524FA38E500606694 /* HomeView.swift in Sources */,
				7AA9D02E24FB549900606694 /* GeocodingResponse.swift in Sources */,
				7AA9D02324FB466B00606694 /* APIError.swift in Sources */,
				7AA9D02B24FB4E4100606694 /* MapBoxApi.swift in Sources */,
			);
			runOnlyForDeploymentPostprocessing = 0;
		};
		7AA9CFFF24FA38E700606694 /* Sources */ = {
			isa = PBXSourcesBuildPhase;
			buildActionMask = 2147483647;
			files = (
				7AA9D03224FB54DA00606694 /* GeocodingResponseTests.swift in Sources */,
				7AA9D00824FA38E700606694 /* MapBoxSampleTests.swift in Sources */,
			);
			runOnlyForDeploymentPostprocessing = 0;
		};
/* End PBXSourcesBuildPhase section */

/* Begin PBXTargetDependency section */
		7AA9D00524FA38E700606694 /* PBXTargetDependency */ = {
			isa = PBXTargetDependency;
			target = 7AA9CFEC24FA38E500606694 /* MapBoxSample */;
			targetProxy = 7AA9D00424FA38E700606694 /* PBXContainerItemProxy */;
		};
/* End PBXTargetDependency section */

/* Begin PBXVariantGroup section */
		7AA9CFFB24FA38E600606694 /* LaunchScreen.storyboard */ = {
			isa = PBXVariantGroup;
			children = (
				7AA9CFFC24FA38E600606694 /* Base */,
			);
			name = LaunchScreen.storyboard;
			sourceTree = "<group>";
		};
/* End PBXVariantGroup section */

/* Begin XCBuildConfiguration section */
		7AA9D00A24FA38E700606694 /* Debug */ = {
			isa = XCBuildConfiguration;
			buildSettings = {
				ALWAYS_SEARCH_USER_PATHS = NO;
				CLANG_ANALYZER_NONNULL = YES;
				CLANG_ANALYZER_NUMBER_OBJECT_CONVERSION = YES_AGGRESSIVE;
				CLANG_CXX_LANGUAGE_STANDARD = "gnu++14";
				CLANG_CXX_LIBRARY = "libc++";
				CLANG_ENABLE_MODULES = YES;
				CLANG_ENABLE_OBJC_ARC = YES;
				CLANG_ENABLE_OBJC_WEAK = YES;
				CLANG_WARN_BLOCK_CAPTURE_AUTORELEASING = YES;
				CLANG_WARN_BOOL_CONVERSION = YES;
				CLANG_WARN_COMMA = YES;
				CLANG_WARN_CONSTANT_CONVERSION = YES;
				CLANG_WARN_DEPRECATED_OBJC_IMPLEMENTATIONS = YES;
				CLANG_WARN_DIRECT_OBJC_ISA_USAGE = YES_ERROR;
				CLANG_WARN_DOCUMENTATION_COMMENTS = YES;
				CLANG_WARN_EMPTY_BODY = YES;
				CLANG_WARN_ENUM_CONVERSION = YES;
				CLANG_WARN_INFINITE_RECURSION = YES;
				CLANG_WARN_INT_CONVERSION = YES;
				CLANG_WARN_NON_LITERAL_NULL_CONVERSION = YES;
				CLANG_WARN_OBJC_IMPLICIT_RETAIN_SELF = YES;
				CLANG_WARN_OBJC_LITERAL_CONVERSION = YES;
				CLANG_WARN_OBJC_ROOT_CLASS = YES_ERROR;
				CLANG_WARN_RANGE_LOOP_ANALYSIS = YES;
				CLANG_WARN_STRICT_PROTOTYPES = YES;
				CLANG_WARN_SUSPICIOUS_MOVE = YES;
				CLANG_WARN_UNGUARDED_AVAILABILITY = YES_AGGRESSIVE;
				CLANG_WARN_UNREACHABLE_CODE = YES;
				CLANG_WARN__DUPLICATE_METHOD_MATCH = YES;
				COPY_PHASE_STRIP = NO;
				DEBUG_INFORMATION_FORMAT = dwarf;
				ENABLE_STRICT_OBJC_MSGSEND = YES;
				ENABLE_TESTABILITY = YES;
				GCC_C_LANGUAGE_STANDARD = gnu11;
				GCC_DYNAMIC_NO_PIC = NO;
				GCC_NO_COMMON_BLOCKS = YES;
				GCC_OPTIMIZATION_LEVEL = 0;
				GCC_PREPROCESSOR_DEFINITIONS = (
					"DEBUG=1",
					"$(inherited)",
				);
				GCC_WARN_64_TO_32_BIT_CONVERSION = YES;
				GCC_WARN_ABOUT_RETURN_TYPE = YES_ERROR;
				GCC_WARN_UNDECLARED_SELECTOR = YES;
				GCC_WARN_UNINITIALIZED_AUTOS = YES_AGGRESSIVE;
				GCC_WARN_UNUSED_FUNCTION = YES;
				GCC_WARN_UNUSED_VARIABLE = YES;
				IPHONEOS_DEPLOYMENT_TARGET = 13.5;
				MTL_ENABLE_DEBUG_INFO = INCLUDE_SOURCE;
				MTL_FAST_MATH = YES;
				ONLY_ACTIVE_ARCH = YES;
				SDKROOT = iphoneos;
				SWIFT_ACTIVE_COMPILATION_CONDITIONS = DEBUG;
				SWIFT_OPTIMIZATION_LEVEL = "-Onone";
			};
			name = Debug;
		};
		7AA9D00B24FA38E700606694 /* Release */ = {
			isa = XCBuildConfiguration;
			buildSettings = {
				ALWAYS_SEARCH_USER_PATHS = NO;
				CLANG_ANALYZER_NONNULL = YES;
				CLANG_ANALYZER_NUMBER_OBJECT_CONVERSION = YES_AGGRESSIVE;
				CLANG_CXX_LANGUAGE_STANDARD = "gnu++14";
				CLANG_CXX_LIBRARY = "libc++";
				CLANG_ENABLE_MODULES = YES;
				CLANG_ENABLE_OBJC_ARC = YES;
				CLANG_ENABLE_OBJC_WEAK = YES;
				CLANG_WARN_BLOCK_CAPTURE_AUTORELEASING = YES;
				CLANG_WARN_BOOL_CONVERSION = YES;
				CLANG_WARN_COMMA = YES;
				CLANG_WARN_CONSTANT_CONVERSION = YES;
				CLANG_WARN_DEPRECATED_OBJC_IMPLEMENTATIONS = YES;
				CLANG_WARN_DIRECT_OBJC_ISA_USAGE = YES_ERROR;
				CLANG_WARN_DOCUMENTATION_COMMENTS = YES;
				CLANG_WARN_EMPTY_BODY = YES;
				CLANG_WARN_ENUM_CONVERSION = YES;
				CLANG_WARN_INFINITE_RECURSION = YES;
				CLANG_WARN_INT_CONVERSION = YES;
				CLANG_WARN_NON_LITERAL_NULL_CONVERSION = YES;
				CLANG_WARN_OBJC_IMPLICIT_RETAIN_SELF = YES;
				CLANG_WARN_OBJC_LITERAL_CONVERSION = YES;
				CLANG_WARN_OBJC_ROOT_CLASS = YES_ERROR;
				CLANG_WARN_RANGE_LOOP_ANALYSIS = YES;
				CLANG_WARN_STRICT_PROTOTYPES = YES;
				CLANG_WARN_SUSPICIOUS_MOVE = YES;
				CLANG_WARN_UNGUARDED_AVAILABILITY = YES_AGGRESSIVE;
				CLANG_WARN_UNREACHABLE_CODE = YES;
				CLANG_WARN__DUPLICATE_METHOD_MATCH = YES;
				COPY_PHASE_STRIP = NO;
				DEBUG_INFORMATION_FORMAT = "dwarf-with-dsym";
				ENABLE_NS_ASSERTIONS = NO;
				ENABLE_STRICT_OBJC_MSGSEND = YES;
				GCC_C_LANGUAGE_STANDARD = gnu11;
				GCC_NO_COMMON_BLOCKS = YES;
				GCC_WARN_64_TO_32_BIT_CONVERSION = YES;
				GCC_WARN_ABOUT_RETURN_TYPE = YES_ERROR;
				GCC_WARN_UNDECLARED_SELECTOR = YES;
				GCC_WARN_UNINITIALIZED_AUTOS = YES_AGGRESSIVE;
				GCC_WARN_UNUSED_FUNCTION = YES;
				GCC_WARN_UNUSED_VARIABLE = YES;
				IPHONEOS_DEPLOYMENT_TARGET = 13.5;
				MTL_ENABLE_DEBUG_INFO = NO;
				MTL_FAST_MATH = YES;
				SDKROOT = iphoneos;
				SWIFT_COMPILATION_MODE = wholemodule;
				SWIFT_OPTIMIZATION_LEVEL = "-O";
				VALIDATE_PRODUCT = YES;
			};
			name = Release;
		};
		7AA9D00D24FA38E700606694 /* Debug */ = {
			isa = XCBuildConfiguration;
			buildSettings = {
				ASSETCATALOG_COMPILER_APPICON_NAME = AppIcon;
				CODE_SIGN_STYLE = Automatic;
				DEVELOPMENT_ASSET_PATHS = "\"MapBoxSample/Preview Content\"";
				ENABLE_PREVIEWS = YES;
				FRAMEWORK_SEARCH_PATHS = (
					"$(inherited)",
					"$(PROJECT_DIR)/Carthage/Build/iOS",
				);
				INFOPLIST_FILE = MapBoxSample/Info.plist;
				LD_RUNPATH_SEARCH_PATHS = (
					"$(inherited)",
					"@executable_path/Frameworks",
				);
				PRODUCT_BUNDLE_IDENTIFIER = net.ha1f.MapBoxSample;
				PRODUCT_NAME = "$(TARGET_NAME)";
				SWIFT_VERSION = 5.0;
				TARGETED_DEVICE_FAMILY = "1,2";
			};
			name = Debug;
		};
		7AA9D00E24FA38E700606694 /* Release */ = {
			isa = XCBuildConfiguration;
			buildSettings = {
				ASSETCATALOG_COMPILER_APPICON_NAME = AppIcon;
				CODE_SIGN_STYLE = Automatic;
				DEVELOPMENT_ASSET_PATHS = "\"MapBoxSample/Preview Content\"";
				ENABLE_PREVIEWS = YES;
				FRAMEWORK_SEARCH_PATHS = (
					"$(inherited)",
					"$(PROJECT_DIR)/Carthage/Build/iOS",
				);
				INFOPLIST_FILE = MapBoxSample/Info.plist;
				LD_RUNPATH_SEARCH_PATHS = (
					"$(inherited)",
					"@executable_path/Frameworks",
				);
				PRODUCT_BUNDLE_IDENTIFIER = net.ha1f.MapBoxSample;
				PRODUCT_NAME = "$(TARGET_NAME)";
				SWIFT_VERSION = 5.0;
				TARGETED_DEVICE_FAMILY = "1,2";
			};
			name = Release;
		};
		7AA9D01024FA38E700606694 /* Debug */ = {
			isa = XCBuildConfiguration;
			buildSettings = {
				ALWAYS_EMBED_SWIFT_STANDARD_LIBRARIES = YES;
				BUNDLE_LOADER = "$(TEST_HOST)";
				CODE_SIGN_STYLE = Automatic;
				INFOPLIST_FILE = MapBoxSampleTests/Info.plist;
				IPHONEOS_DEPLOYMENT_TARGET = 13.5;
				LD_RUNPATH_SEARCH_PATHS = (
					"$(inherited)",
					"@executable_path/Frameworks",
					"@loader_path/Frameworks",
				);
				PRODUCT_BUNDLE_IDENTIFIER = net.ha1f.MapBoxSampleTests;
				PRODUCT_NAME = "$(TARGET_NAME)";
				SWIFT_VERSION = 5.0;
				TARGETED_DEVICE_FAMILY = "1,2";
				TEST_HOST = "$(BUILT_PRODUCTS_DIR)/MapBoxSample.app/MapBoxSample";
			};
			name = Debug;
		};
		7AA9D01124FA38E700606694 /* Release */ = {
			isa = XCBuildConfiguration;
			buildSettings = {
				ALWAYS_EMBED_SWIFT_STANDARD_LIBRARIES = YES;
				BUNDLE_LOADER = "$(TEST_HOST)";
				CODE_SIGN_STYLE = Automatic;
				INFOPLIST_FILE = MapBoxSampleTests/Info.plist;
				IPHONEOS_DEPLOYMENT_TARGET = 13.5;
				LD_RUNPATH_SEARCH_PATHS = (
					"$(inherited)",
					"@executable_path/Frameworks",
					"@loader_path/Frameworks",
				);
				PRODUCT_BUNDLE_IDENTIFIER = net.ha1f.MapBoxSampleTests;
				PRODUCT_NAME = "$(TARGET_NAME)";
				SWIFT_VERSION = 5.0;
				TARGETED_DEVICE_FAMILY = "1,2";
				TEST_HOST = "$(BUILT_PRODUCTS_DIR)/MapBoxSample.app/MapBoxSample";
			};
			name = Release;
		};
/* End XCBuildConfiguration section */

/* Begin XCConfigurationList section */
		7AA9CFE824FA38E500606694 /* Build configuration list for PBXProject "MapBoxSample" */ = {
			isa = XCConfigurationList;
			buildConfigurations = (
				7AA9D00A24FA38E700606694 /* Debug */,
				7AA9D00B24FA38E700606694 /* Release */,
			);
			defaultConfigurationIsVisible = 0;
			defaultConfigurationName = Release;
		};
		7AA9D00C24FA38E700606694 /* Build configuration list for PBXNativeTarget "MapBoxSample" */ = {
			isa = XCConfigurationList;
			buildConfigurations = (
				7AA9D00D24FA38E700606694 /* Debug */,
				7AA9D00E24FA38E700606694 /* Release */,
			);
			defaultConfigurationIsVisible = 0;
			defaultConfigurationName = Release;
		};
		7AA9D00F24FA38E700606694 /* Build configuration list for PBXNativeTarget "MapBoxSampleTests" */ = {
			isa = XCConfigurationList;
			buildConfigurations = (
				7AA9D01024FA38E700606694 /* Debug */,
				7AA9D01124FA38E700606694 /* Release */,
			);
			defaultConfigurationIsVisible = 0;
			defaultConfigurationName = Release;
		};
/* End XCConfigurationList section */
	};
	rootObject = 7AA9CFE524FA38E500606694 /* Project object */;
}
